Microsoft Visual Studio Solution File, Format Version 12.00
# Visual Studio Version 17
VisualStudioVersion = 17.5.2.0
MinimumVisualStudioVersion = 10.0.40219.1
Project("{FAE04EC0-301F-11D3-BF4B-00C04F79EFBC}") = "HomeFinderApp", "HomeFinderApp\HomeFinderApp.csproj", "{904890AD-F914-80EC-E892-CC50827D37BC}"
EndProject
Global
	GlobalSection(SolutionConfigurationPlatforms) = preSolution
		Debug|Any CPU = Debug|Any CPU
		Release|Any CPU = Release|Any CPU
	EndGlobalSection
	GlobalSection(ProjectConfigurationPlatforms) = postSolution
		{904890AD-F914-80EC-E892-CC50827D37BC}.Debug|Any CPU.ActiveCfg = Debug|Any CPU
		{904890AD-F914-80EC-E892-CC50827D37BC}.Debug|Any CPU.Build.0 = Debug|Any CPU
		{904890AD-F914-80EC-E892-CC50827D37BC}.Release|Any CPU.ActiveCfg = Release|Any CPU
		{904890AD-F914-80EC-E892-CC50827D37BC}.Release|Any CPU.Build.0 = Release|Any CPU
	EndGlobalSection
	GlobalSection(SolutionProperties) = preSolution
		HideSolutionNode = FALSE
	EndGlobalSection
	GlobalSection(ExtensibilityGlobals) = postSolution
		SolutionGuid = {07DC7322-F14E-4F6A-8A38-507803AA3430}
	EndGlobalSection
EndGlobal
