Microsoft Visual Studio Solution File, Format Version 12.00
# Visual Studio Version 17
VisualStudioVersion = 17.5.2.0
MinimumVisualStudioVersion = 10.0.40219.1
Project("{FAE04EC0-301F-11D3-BF4B-00C04F79EFBC}") = "HomeFinderApp", "HomeFinderApp.csproj", "{19A5D5B7-9EB8-8E0B-C257-8FE01FC63374}"
EndProject
Global
	GlobalSection(SolutionConfigurationPlatforms) = preSolution
		Debug|Any CPU = Debug|Any CPU
		Release|Any CPU = Release|Any CPU
	EndGlobalSection
	GlobalSection(ProjectConfigurationPlatforms) = postSolution
		{19A5D5B7-9EB8-8E0B-C257-8FE01FC63374}.Debug|Any CPU.ActiveCfg = Debug|Any CPU
		{19A5D5B7-9EB8-8E0B-C257-8FE01FC63374}.Debug|Any CPU.Build.0 = Debug|Any CPU
		{19A5D5B7-9EB8-8E0B-C257-8FE01FC63374}.Release|Any CPU.ActiveCfg = Release|Any CPU
		{19A5D5B7-9EB8-8E0B-C257-8FE01FC63374}.Release|Any CPU.Build.0 = Release|Any CPU
	EndGlobalSection
	GlobalSection(SolutionProperties) = preSolution
		HideSolutionNode = FALSE
	EndGlobalSection
	GlobalSection(ExtensibilityGlobals) = postSolution
		SolutionGuid = {A8EF7692-7855-4655-BBB7-23E7ACB677D6}
	EndGlobalSection
EndGlobal
